
Microsoft Visual Studio Solution File, Format Version 12.00
# Visual Studio Version 17
VisualStudioVersion = 17.0.31903.59
MinimumVisualStudioVersion = 10.0.40219.1
Project("{FAE04EC0-301F-11D3-BF4B-00C04F79EFBC}") = "LealVault", "LealVault\LealVault.csproj", "{FECEDB0D-764D-4AE7-BDBA-ED61F58409FE}"
EndProject
Project("{FAE04EC0-301F-11D3-BF4B-00C04F79EFBC}") = "LealVault.Common", "LealVault.Common\LealVault.Common.csproj", "{6D2BDA67-ABD6-4D85-99FA-AD69496897C5}"
EndProject
Project("{FAE04EC0-301F-11D3-BF4B-00C04F79EFBC}") = "LealVault.Resources", "LealVault.Resources\LealVault.Resources.csproj", "{9C3DB95C-357F-4753-A74A-0AD3711A3212}"
EndProject
Global
	GlobalSection(SolutionConfigurationPlatforms) = preSolution
		Debug|Any CPU = Debug|Any CPU
		Debug|x64 = Debug|x64
		Debug|x86 = Debug|x86
		Release|Any CPU = Release|Any CPU
		Release|x64 = Release|x64
		Release|x86 = Release|x86
	EndGlobalSection
	GlobalSection(ProjectConfigurationPlatforms) = postSolution
		{FECEDB0D-764D-4AE7-BDBA-ED61F58409FE}.Debug|Any CPU.ActiveCfg = Debug|Any CPU
		{FECEDB0D-764D-4AE7-BDBA-ED61F58409FE}.Debug|Any CPU.Build.0 = Debug|Any CPU
		{FECEDB0D-764D-4AE7-BDBA-ED61F58409FE}.Debug|x64.ActiveCfg = Debug|Any CPU
		{FECEDB0D-764D-4AE7-BDBA-ED61F58409FE}.Debug|x64.Build.0 = Debug|Any CPU
		{FECEDB0D-764D-4AE7-BDBA-ED61F58409FE}.Debug|x86.ActiveCfg = Debug|Any CPU
		{FECEDB0D-764D-4AE7-BDBA-ED61F58409FE}.Debug|x86.Build.0 = Debug|Any CPU
		{FECEDB0D-764D-4AE7-BDBA-ED61F58409FE}.Release|Any CPU.ActiveCfg = Release|Any CPU
		{FECEDB0D-764D-4AE7-BDBA-ED61F58409FE}.Release|Any CPU.Build.0 = Release|Any CPU
		{FECEDB0D-764D-4AE7-BDBA-ED61F58409FE}.Release|x64.ActiveCfg = Release|Any CPU
		{FECEDB0D-764D-4AE7-BDBA-ED61F58409FE}.Release|x64.Build.0 = Release|Any CPU
		{FECEDB0D-764D-4AE7-BDBA-ED61F58409FE}.Release|x86.ActiveCfg = Release|Any CPU
		{FECEDB0D-764D-4AE7-BDBA-ED61F58409FE}.Release|x86.Build.0 = Release|Any CPU
		{6D2BDA67-ABD6-4D85-99FA-AD69496897C5}.Debug|Any CPU.ActiveCfg = Debug|Any CPU
		{6D2BDA67-ABD6-4D85-99FA-AD69496897C5}.Debug|Any CPU.Build.0 = Debug|Any CPU
		{6D2BDA67-ABD6-4D85-99FA-AD69496897C5}.Debug|x64.ActiveCfg = Debug|Any CPU
		{6D2BDA67-ABD6-4D85-99FA-AD69496897C5}.Debug|x64.Build.0 = Debug|Any CPU
		{6D2BDA67-ABD6-4D85-99FA-AD69496897C5}.Debug|x86.ActiveCfg = Debug|Any CPU
		{6D2BDA67-ABD6-4D85-99FA-AD69496897C5}.Debug|x86.Build.0 = Debug|Any CPU
		{6D2BDA67-ABD6-4D85-99FA-AD69496897C5}.Release|Any CPU.ActiveCfg = Release|Any CPU
		{6D2BDA67-ABD6-4D85-99FA-AD69496897C5}.Release|Any CPU.Build.0 = Release|Any CPU
		{6D2BDA67-ABD6-4D85-99FA-AD69496897C5}.Release|x64.ActiveCfg = Release|Any CPU
		{6D2BDA67-ABD6-4D85-99FA-AD69496897C5}.Release|x64.Build.0 = Release|Any CPU
		{6D2BDA67-ABD6-4D85-99FA-AD69496897C5}.Release|x86.ActiveCfg = Release|Any CPU
		{6D2BDA67-ABD6-4D85-99FA-AD69496897C5}.Release|x86.Build.0 = Release|Any CPU
		{9C3DB95C-357F-4753-A74A-0AD3711A3212}.Debug|Any CPU.ActiveCfg = Debug|Any CPU
		{9C3DB95C-357F-4753-A74A-0AD3711A3212}.Debug|Any CPU.Build.0 = Debug|Any CPU
		{9C3DB95C-357F-4753-A74A-0AD3711A3212}.Debug|x64.ActiveCfg = Debug|Any CPU
		{9C3DB95C-357F-4753-A74A-0AD3711A3212}.Debug|x64.Build.0 = Debug|Any CPU
		{9C3DB95C-357F-4753-A74A-0AD3711A3212}.Debug|x86.ActiveCfg = Debug|Any CPU
		{9C3DB95C-357F-4753-A74A-0AD3711A3212}.Debug|x86.Build.0 = Debug|Any CPU
		{9C3DB95C-357F-4753-A74A-0AD3711A3212}.Release|Any CPU.ActiveCfg = Release|Any CPU
		{9C3DB95C-357F-4753-A74A-0AD3711A3212}.Release|Any CPU.Build.0 = Release|Any CPU
		{9C3DB95C-357F-4753-A74A-0AD3711A3212}.Release|x64.ActiveCfg = Release|Any CPU
		{9C3DB95C-357F-4753-A74A-0AD3711A3212}.Release|x64.Build.0 = Release|Any CPU
		{9C3DB95C-357F-4753-A74A-0AD3711A3212}.Release|x86.ActiveCfg = Release|Any CPU
		{9C3DB95C-357F-4753-A74A-0AD3711A3212}.Release|x86.Build.0 = Release|Any CPU
	EndGlobalSection
	GlobalSection(SolutionProperties) = preSolution
		HideSolutionNode = FALSE
	EndGlobalSection
EndGlobal
